{
  "nodes": {
    "claude-code-overlay": {
      "inputs": {
        "nixpkgs": [
          "nixpkgs"
        ]
      },
      "locked": {
        "lastModified": 1783621977,
        "narHash": "sha256-JSoP1wz7rdNtl9w8nCywOUpZuPD9rDOLbeam5OvuwkE=",
        "owner": "ryoppippi",
        "repo": "claude-code-overlay",
        "rev": "48088b5a1438cee7857d9fdfaee18d59a13b2db4",
        "type": "github"
      },
      "original": {
        "owner": "ryoppippi",
        "repo": "claude-code-overlay",
        "type": "github"
      }
    },
    "crit": {
      "inputs": {
        "nixpkgs": [
          "nixpkgs"
        ]
      },
      "locked": {
        "lastModified": 1783591984,
        "narHash": "sha256-7iwyNdXNDu2Bnmo51bmXwKyeWdEAIE0/xxgx/Wa1hgI=",
        "ref": "refs/heads/main",
        "rev": "c098b4d790aa930675ebec99332d9dbe9526d016",
        "revCount": 726,
        "type": "git",
        "url": "https://github.com/tomasz-tomczyk/crit.git"
      },
      "original": {
        "type": "git",
        "url": "https://github.com/tomasz-tomczyk/crit.git"
      }
    },
    "flake-compat": {
      "flake": false,
      "locked": {
        "lastModified": 1767039857,
        "narHash": "sha256-vNpUSpF5Nuw8xvDLj2KCwwksIbjua2LZCqhV1LNRDns=",
        "owner": "NixOS",
        "repo": "flake-compat",
        "rev": "5edf11c44bc78a0d334f6334cdaf7d60d732daab",
        "type": "github"
      },
      "original": {
        "owner": "NixOS",
        "repo": "flake-compat",
        "type": "github"
      }
    },
    "git-hooks": {
      "inputs": {
        "flake-compat": "flake-compat",
        "nixpkgs": [
          "guard-and-guide",
          "nixpkgs"
        ]
      },
      "locked": {
        "lastModified": 1783008725,
        "narHash": "sha256-jGiy6+sxjNWXSjp25uoJuNfyH9zBK1PEDY0lVoL4ibQ=",
        "owner": "cachix",
        "repo": "git-hooks.nix",
        "rev": "bca82caa46d5ec0f5d422c61fb1e30bc51313cbe",
        "type": "github"
      },
      "original": {
        "owner": "cachix",
        "repo": "git-hooks.nix",
        "type": "github"
      }
    },
    "guard-and-guide": {
      "inputs": {
        "git-hooks": "git-hooks",
        "nixpkgs": [
          "nixpkgs"
        ]
      },
      "locked": {
        "lastModified": 1783614948,
        "narHash": "sha256-6AOBCVvWu/zrgI7q7RFANeUVd7I5tvgF1bNUw9QFOak=",
        "owner": "kawarimidoll",
        "repo": "guard-and-guide",
        "rev": "f4ca7afaa486a9ae2eea3616b64b26983228ec25",
        "type": "github"
      },
      "original": {
        "owner": "kawarimidoll",
        "repo": "guard-and-guide",
        "type": "github"
      }
    },
    "herdr": {
      "inputs": {
        "nixpkgs": [
          "nixpkgs"
        ]
      },
      "locked": {
        "lastModified": 1782308245,
        "narHash": "sha256-/WnsUO1DuSmBfVo8LCFaDJEZvSrYnJZPyRNqASbPzV8=",
        "owner": "ogulcancelik",
        "repo": "herdr",
        "rev": "dbc45f6306bda3eee681d73a14b48ffbb39f3fcc",
        "type": "github"
      },
      "original": {
        "owner": "ogulcancelik",
        "ref": "v0.7.1",
        "repo": "herdr",
        "type": "github"
      }
    },
    "home-manager": {
      "inputs": {
        "nixpkgs": [
          "nixpkgs"
        ]
      },
      "locked": {
        "lastModified": 1783618078,
        "narHash": "sha256-F43DGcBoIO8xOZFAfodg3jy0VghB9NGdb6xbTYAIx1A=",
        "owner": "nix-community",
        "repo": "home-manager",
        "rev": "144f4e36d0186195037da9fce80a727108978070",
        "type": "github"
      },
      "original": {
        "owner": "nix-community",
        "repo": "home-manager",
        "type": "github"
      }
    },
    "nix-darwin": {
      "inputs": {
        "nixpkgs": [
          "nixpkgs"
        ]
      },
      "locked": {
        "lastModified": 1783395956,
        "narHash": "sha256-AAbexQvDoK+6GFJdhY6kqjA+6ECKRkidgWxkn4gMwAA=",
        "owner": "LnL7",
        "repo": "nix-darwin",
        "rev": "d5bd9cd77aea4c0a8f49e7fd85545671a208ed15",
        "type": "github"
      },
      "original": {
        "owner": "LnL7",
        "repo": "nix-darwin",
        "type": "github"
      }
    },
    "nixpkgs": {
      "locked": {
        "lastModified": 1783224372,
        "narHash": "sha256-8i/87eeoqiGE4yOTjwSA3Eh/ziJRQEmd/unYU+K27sk=",
        "owner": "nixos",
        "repo": "nixpkgs",
        "rev": "d407951447dcd00442e97087bf374aad70c04cea",
        "type": "github"
      },
      "original": {
        "owner": "nixos",
        "ref": "nixos-unstable",
        "repo": "nixpkgs",
        "type": "github"
      }
    },
    "root": {
      "inputs": {
        "claude-code-overlay": "claude-code-overlay",
        "crit": "crit",
        "guard-and-guide": "guard-and-guide",
        "herdr": "herdr",
        "home-manager": "home-manager",
        "nix-darwin": "nix-darwin",
        "nixpkgs": "nixpkgs"
      }
    }
  },
  "root": "root",
  "version": 7
}
